
Microsoft Visual Studio Solution File, Format Version 12.00
# Visual Studio Version 16
VisualStudioVersion = 16.0.31624.102
MinimumVisualStudioVersion = 10.0.40219.1
Project("{FAE04EC0-301F-11D3-BF4B-00C04F79EFBC}") = "Final_PRN211_OBS_Project", "Final_PRN211_OBS_Project\Final_PRN211_OBS_Project.csproj", "{7FAD6255-BA8F-4D60-B23D-1B77272D3C84}"
EndProject
Global
	GlobalSection(SolutionConfigurationPlatforms) = preSolution
		Debug|Any CPU = Debug|Any CPU
		Release|Any CPU = Release|Any CPU
	EndGlobalSection
	GlobalSection(ProjectConfigurationPlatforms) = postSolution
		{7FAD6255-BA8F-4D60-B23D-1B77272D3C84}.Debug|Any CPU.ActiveCfg = Debug|Any CPU
		{7FAD6255-BA8F-4D60-B23D-1B77272D3C84}.Debug|Any CPU.Build.0 = Debug|Any CPU
		{7FAD6255-BA8F-4D60-B23D-1B77272D3C84}.Release|Any CPU.ActiveCfg = Release|Any CPU
		{7FAD6255-BA8F-4D60-B23D-1B77272D3C84}.Release|Any CPU.Build.0 = Release|Any CPU
	EndGlobalSection
	GlobalSection(SolutionProperties) = preSolution
		HideSolutionNode = FALSE
	EndGlobalSection
	GlobalSection(ExtensibilityGlobals) = postSolution
		SolutionGuid = {E7532DAD-9DBA-4A8A-B7C7-1CED66D55DC1}
	EndGlobalSection
EndGlobal
